
Microsoft Visual Studio Solution File, Format Version 12.00
# Visual Studio Version 16
VisualStudioVersion = 16.0.31515.178
MinimumVisualStudioVersion = 10.0.40219.1
Project("{FAE04EC0-301F-11D3-BF4B-00C04F79EFBC}") = "PokerHandGuesser", "PokerHandGuesser\PokerHandGuesser.csproj", "{9386306E-C0CA-465D-B6CB-5194134111F7}"
EndProject
Global
	GlobalSection(SolutionConfigurationPlatforms) = preSolution
		Debug|Any CPU = Debug|Any CPU
		Release|Any CPU = Release|Any CPU
	EndGlobalSection
	GlobalSection(ProjectConfigurationPlatforms) = postSolution
		{9386306E-C0CA-465D-B6CB-5194134111F7}.Debug|Any CPU.ActiveCfg = Debug|Any CPU
		{9386306E-C0CA-465D-B6CB-5194134111F7}.Debug|Any CPU.Build.0 = Debug|Any CPU
		{9386306E-C0CA-465D-B6CB-5194134111F7}.Release|Any CPU.ActiveCfg = Release|Any CPU
		{9386306E-C0CA-465D-B6CB-5194134111F7}.Release|Any CPU.Build.0 = Release|Any CPU
	EndGlobalSection
	GlobalSection(SolutionProperties) = preSolution
		HideSolutionNode = FALSE
	EndGlobalSection
	GlobalSection(ExtensibilityGlobals) = postSolution
		SolutionGuid = {F7168F7B-D6A4-456B-AD6F-429EFFC68FF0}
	EndGlobalSection
EndGlobal
