
Microsoft Visual Studio Solution File, Format Version 12.00
# Visual Studio Version 17
VisualStudioVersion = 17.10.35122.118
MinimumVisualStudioVersion = 10.0.40219.1
Project("{9A19103F-16F7-4668-BE54-9A1E7A4F7556}") = "PokerHandGuesser", "PokerHandGuesser\PokerHandGuesser.csproj", "{9386306E-C0CA-465D-B6CB-5194134111F7}"
EndProject
Project("{9A19103F-16F7-4668-BE54-9A1E7A4F7556}") = "PokerLibrary", "PokerHadChecker\PokerLibrary.csproj", "{A8E019A9-09E9-47EF-B6DB-BF442CDDFA8A}"
EndProject
Global
	GlobalSection(SolutionConfigurationPlatforms) = preSolution
		Debug|Any CPU = Debug|Any CPU
		Release|Any CPU = Release|Any CPU
	EndGlobalSection
	GlobalSection(ProjectConfigurationPlatforms) = postSolution
		{9386306E-C0CA-465D-B6CB-5194134111F7}.Debug|Any CPU.ActiveCfg = Debug|Any CPU
		{9386306E-C0CA-465D-B6CB-5194134111F7}.Debug|Any CPU.Build.0 = Debug|Any CPU
		{9386306E-C0CA-465D-B6CB-5194134111F7}.Release|Any CPU.ActiveCfg = Release|Any CPU
		{9386306E-C0CA-465D-B6CB-5194134111F7}.Release|Any CPU.Build.0 = Release|Any CPU
		{A8E019A9-09E9-47EF-B6DB-BF442CDDFA8A}.Debug|Any CPU.ActiveCfg = Debug|Any CPU
		{A8E019A9-09E9-47EF-B6DB-BF442CDDFA8A}.Debug|Any CPU.Build.0 = Debug|Any CPU
		{A8E019A9-09E9-47EF-B6DB-BF442CDDFA8A}.Release|Any CPU.ActiveCfg = Release|Any CPU
		{A8E019A9-09E9-47EF-B6DB-BF442CDDFA8A}.Release|Any CPU.Build.0 = Release|Any CPU
	EndGlobalSection
	GlobalSection(SolutionProperties) = preSolution
		HideSolutionNode = FALSE
	EndGlobalSection
	GlobalSection(ExtensibilityGlobals) = postSolution
		SolutionGuid = {F7168F7B-D6A4-456B-AD6F-429EFFC68FF0}
	EndGlobalSection
EndGlobal
